
Microsoft Visual Studio Solution File, Format Version 12.00
# Visual Studio Version 16
VisualStudioVersion = 16.0.30413.136
MinimumVisualStudioVersion = 10.0.40219.1
Project("{F184B08F-C81C-45F6-A57F-5ABD9991F28F}") = "K201_OpcenterCustomization", "K201_OpcenterCustomization\K201_OpcenterCustomization.vbproj", "{9869B6C4-72C6-4872-A84A-32AAB8BE58B4}"
EndProject
Project("{54435603-DBB4-11D2-8724-00A0C9A8B90C}") = "Customization_Setup", "Customization_Setup\Customization_Setup.vdproj", "{BBC5953A-6471-4CEE-BC1C-57DE1AAF4A85}"
EndProject
Global
	GlobalSection(SolutionConfigurationPlatforms) = preSolution
		Debug|x64 = Debug|x64
		Release|x64 = Release|x64
	EndGlobalSection
	GlobalSection(ProjectConfigurationPlatforms) = postSolution
		{9869B6C4-72C6-4872-A84A-32AAB8BE58B4}.Debug|x64.ActiveCfg = Debug|x64
		{9869B6C4-72C6-4872-A84A-32AAB8BE58B4}.Debug|x64.Build.0 = Debug|x64
		{9869B6C4-72C6-4872-A84A-32AAB8BE58B4}.Release|x64.ActiveCfg = Release|x64
		{9869B6C4-72C6-4872-A84A-32AAB8BE58B4}.Release|x64.Build.0 = Release|x64
		{BBC5953A-6471-4CEE-BC1C-57DE1AAF4A85}.Debug|x64.ActiveCfg = Release
		{BBC5953A-6471-4CEE-BC1C-57DE1AAF4A85}.Debug|x64.Build.0 = Release
		{BBC5953A-6471-4CEE-BC1C-57DE1AAF4A85}.Release|x64.ActiveCfg = Release
	EndGlobalSection
	GlobalSection(SolutionProperties) = preSolution
		HideSolutionNode = FALSE
	EndGlobalSection
	GlobalSection(ExtensibilityGlobals) = postSolution
		SolutionGuid = {93597527-677A-4E60-A00B-CC1D7FFACB6F}
	EndGlobalSection
EndGlobal
